// !$*UTF8*$!
{
	archiveVersion = 1;
	classes = {
	};
	objectVersion = 55;
	objects = {

/* Begin PBXBuildFile section */
		8D100673274B5C1000FDC193 /* PostItemView.swift in Sources */ = {isa = PBXBuildFile; fileRef = 8D100672274B5C1000FDC193 /* PostItemView.swift */; };
		8D100677274BA41F00FDC193 /* SearchView.swift in Sources */ = {isa = PBXBuildFile; fileRef = 8D100676274BA41F00FDC193 /* SearchView.swift */; };
		8D10067A274BA47000FDC193 /* UserItemView.swift in Sources */ = {isa = PBXBuildFile; fileRef = 8D100679274BA46F00FDC193 /* UserItemView.swift */; };
		8D10067C274BA8E000FDC193 /* Arrays.swift in Sources */ = {isa = PBXBuildFile; fileRef = 8D10067B274BA8DF00FDC193 /* Arrays.swift */; };
		8D22641F2749711500CCA6E1 /* TwitterApplicationApp.swift in Sources */ = {isa = PBXBuildFile; fileRef = 8D22641E2749711500CCA6E1 /* TwitterApplicationApp.swift */; };
		8D2264212749711500CCA6E1 /* ContentView.swift in Sources */ = {isa = PBXBuildFile; fileRef = 8D2264202749711500CCA6E1 /* ContentView.swift */; };
		8D2264232749711A00CCA6E1 /* Assets.xcassets in Resources */ = {isa = PBXBuildFile; fileRef = 8D2264222749711A00CCA6E1 /* Assets.xcassets */; };
		8D2264262749711A00CCA6E1 /* Preview Assets.xcassets in Resources */ = {isa = PBXBuildFile; fileRef = 8D2264252749711A00CCA6E1 /* Preview Assets.xcassets */; };
		8D2264302749711A00CCA6E1 /* TwitterApplicationTests.swift in Sources */ = {isa = PBXBuildFile; fileRef = 8D22642F2749711A00CCA6E1 /* TwitterApplicationTests.swift */; };
		8D22643A2749711A00CCA6E1 /* TwitterApplicationUITests.swift in Sources */ = {isa = PBXBuildFile; fileRef = 8D2264392749711A00CCA6E1 /* TwitterApplicationUITests.swift */; };
		8D22643C2749711A00CCA6E1 /* TwitterApplicationUITestsLaunchTests.swift in Sources */ = {isa = PBXBuildFile; fileRef = 8D22643B2749711A00CCA6E1 /* TwitterApplicationUITestsLaunchTests.swift */; };
		8D2C87532749727E00850B50 /* GoogleService-Info.plist in Resources */ = {isa = PBXBuildFile; fileRef = 8D2C87522749727E00850B50 /* GoogleService-Info.plist */; };
		8D2C875A2749774900850B50 /* LoginView.swift in Sources */ = {isa = PBXBuildFile; fileRef = 8D2C87592749774900850B50 /* LoginView.swift */; };
		8D2C875C2749775400850B50 /* RegistrationView.swift in Sources */ = {isa = PBXBuildFile; fileRef = 8D2C875B2749775400850B50 /* RegistrationView.swift */; };
		8D2C875E2749780300850B50 /* AuthViewModel.swift in Sources */ = {isa = PBXBuildFile; fileRef = 8D2C875D2749780300850B50 /* AuthViewModel.swift */; };
		8D5E290D274A02050083CD4B /* AuthView.swift in Sources */ = {isa = PBXBuildFile; fileRef = 8D5E290C274A02050083CD4B /* AuthView.swift */; };
		8D5E290F274A07CD0083CD4B /* Launch Screen.storyboard in Resources */ = {isa = PBXBuildFile; fileRef = 8D5E290E274A07CD0083CD4B /* Launch Screen.storyboard */; };
		8D5E2912274A08750083CD4B /* Color.swift in Sources */ = {isa = PBXBuildFile; fileRef = 8D5E2911274A08750083CD4B /* Color.swift */; };
		8D5E2914274A0E960083CD4B /* SplashScreen.swift in Sources */ = {isa = PBXBuildFile; fileRef = 8D5E2913274A0E960083CD4B /* SplashScreen.swift */; };
		8D5E2917274A2E230083CD4B /* HomepageView.swift in Sources */ = {isa = PBXBuildFile; fileRef = 8D5E2916274A2E230083CD4B /* HomepageView.swift */; };
		8D5E2919274A387C0083CD4B /* User.swift in Sources */ = {isa = PBXBuildFile; fileRef = 8D5E2918274A387C0083CD4B /* User.swift */; };
		8D5E291C274A42A10083CD4B /* UserViewModel.swift in Sources */ = {isa = PBXBuildFile; fileRef = 8D5E291B274A42A10083CD4B /* UserViewModel.swift */; };
		8DCCA881274A5B8300F5CDEB /* AddNewPostView.swift in Sources */ = {isa = PBXBuildFile; fileRef = 8DCCA880274A5B8200F5CDEB /* AddNewPostView.swift */; };
		8DCCA883274A76C200F5CDEB /* ProfileView.swift in Sources */ = {isa = PBXBuildFile; fileRef = 8DCCA882274A76C200F5CDEB /* ProfileView.swift */; };
		8DCCA885274A91D900F5CDEB /* Date.swift in Sources */ = {isa = PBXBuildFile; fileRef = 8DCCA884274A91D800F5CDEB /* Date.swift */; };
		8DCCA888274A9A0E00F5CDEB /* PostsViewModel.swift in Sources */ = {isa = PBXBuildFile; fileRef = 8DCCA887274A9A0D00F5CDEB /* PostsViewModel.swift */; };
		8DCCA88A274A9AB700F5CDEB /* HomeViewModel.swift in Sources */ = {isa = PBXBuildFile; fileRef = 8DCCA889274A9AB700F5CDEB /* HomeViewModel.swift */; };
		8DCCA88C274A9E1900F5CDEB /* PostsView.swift in Sources */ = {isa = PBXBuildFile; fileRef = 8DCCA88B274A9E1900F5CDEB /* PostsView.swift */; };
		8DCCA88E274A9E4800F5CDEB /* Post.swift in Sources */ = {isa = PBXBuildFile; fileRef = 8DCCA88D274A9E4800F5CDEB /* Post.swift */; };
		E276866FB2AB92792F989F38 /* Pods_TwitterApplication.framework in Frameworks */ = {isa = PBXBuildFile; fileRef = 4CF0BDFDFCCE065A91FDFC88 /* Pods_TwitterApplication.framework */; };
/* End PBXBuildFile section */

/* Begin PBXContainerItemProxy section */
		8D22642C2749711A00CCA6E1 /* PBXContainerItemProxy */ = {
			isa = PBXContainerItemProxy;
			containerPortal = 8D2264132749711500CCA6E1 /* Project object */;
			proxyType = 1;
			remoteGlobalIDString = 8D22641A2749711500CCA6E1;
			remoteInfo = TwitterApplication;
		};
		8D2264362749711A00CCA6E1 /* PBXContainerItemProxy */ = {
			isa = PBXContainerItemProxy;
			containerPortal = 8D2264132749711500CCA6E1 /* Project object */;
			proxyType = 1;
			remoteGlobalIDString = 8D22641A2749711500CCA6E1;
			remoteInfo = TwitterApplication;
		};
/* End PBXContainerItemProxy section */

/* Begin PBXFileReference section */
		21EA8888600D50A08E8A1FD1 /* Pods-TwitterApplication.release.xcconfig */ = {isa = PBXFileReference; includeInIndex = 1; lastKnownFileType = text.xcconfig; name = "Pods-TwitterApplication.release.xcconfig"; path = "Target Support Files/Pods-TwitterApplication/Pods-TwitterApplication.release.xcconfig"; sourceTree = "<group>"; };
		4CF0BDFDFCCE065A91FDFC88 /* Pods_TwitterApplication.framework */ = {isa = PBXFileReference; explicitFileType = wrapper.framework; includeInIndex = 0; path = Pods_TwitterApplication.framework; sourceTree = BUILT_PRODUCTS_DIR; };
		85FD7D61237550AEF5E6416B /* Pods-TwitterApplication.debug.xcconfig */ = {isa = PBXFileReference; includeInIndex = 1; lastKnownFileType = text.xcconfig; name = "Pods-TwitterApplication.debug.xcconfig"; path = "Target Support Files/Pods-TwitterApplication/Pods-TwitterApplication.debug.xcconfig"; sourceTree = "<group>"; };
		8D100672274B5C1000FDC193 /* PostItemView.swift */ = {isa = PBXFileReference; lastKnownFileType = sourcecode.swift; path = PostItemView.swift; sourceTree = "<group>"; };
		8D100676274BA41F00FDC193 /* SearchView.swift */ = {isa = PBXFileReference; lastKnownFileType = sourcecode.swift; path = SearchView.swift; sourceTree = "<group>"; };
		8D100679274BA46F00FDC193 /* UserItemView.swift */ = {isa = PBXFileReference; lastKnownFileType = sourcecode.swift; path = UserItemView.swift; sourceTree = "<group>"; };
		8D10067B274BA8DF00FDC193 /* Arrays.swift */ = {isa = PBXFileReference; lastKnownFileType = sourcecode.swift; path = Arrays.swift; sourceTree = "<group>"; };
		8D22641B2749711500CCA6E1 /* TwitterApplication.app */ = {isa = PBXFileReference; explicitFileType = wrapper.application; includeInIndex = 0; path = TwitterApplication.app; sourceTree = BUILT_PRODUCTS_DIR; };
		8D22641E2749711500CCA6E1 /* TwitterApplicationApp.swift */ = {isa = PBXFileReference; lastKnownFileType = sourcecode.swift; path = TwitterApplicationApp.swift; sourceTree = "<group>"; };
		8D2264202749711500CCA6E1 /* ContentView.swift */ = {isa = PBXFileReference; lastKnownFileType = sourcecode.swift; path = ContentView.swift; sourceTree = "<group>"; };
		8D2264222749711A00CCA6E1 /* Assets.xcassets */ = {isa = PBXFileReference; lastKnownFileType = folder.assetcatalog; path = Assets.xcassets; sourceTree = "<group>"; };
		8D2264252749711A00CCA6E1 /* Preview Assets.xcassets */ = {isa = PBXFileReference; lastKnownFileType = folder.assetcatalog; path = "Preview Assets.xcassets"; sourceTree = "<group>"; };
		8D22642B2749711A00CCA6E1 /* TwitterApplicationTests.xctest */ = {isa = PBXFileReference; explicitFileType = wrapper.cfbundle; includeInIndex = 0; path = TwitterApplicationTests.xctest; sourceTree = BUILT_PRODUCTS_DIR; };
		8D22642F2749711A00CCA6E1 /* TwitterApplicationTests.swift */ = {isa = PBXFileReference; lastKnownFileType = sourcecode.swift; path = TwitterApplicationTests.swift; sourceTree = "<group>"; };
		8D2264352749711A00CCA6E1 /* TwitterApplicationUITests.xctest */ = {isa = PBXFileReference; explicitFileType = wrapper.cfbundle; includeInIndex = 0; path = TwitterApplicationUITests.xctest; sourceTree = BUILT_PRODUCTS_DIR; };
		8D2264392749711A00CCA6E1 /* TwitterApplicationUITests.swift */ = {isa = PBXFileReference; lastKnownFileType = sourcecode.swift; path = TwitterApplicationUITests.swift; sourceTree = "<group>"; };
		8D22643B2749711A00CCA6E1 /* TwitterApplicationUITestsLaunchTests.swift */ = {isa = PBXFileReference; lastKnownFileType = sourcecode.swift; path = TwitterApplicationUITestsLaunchTests.swift; sourceTree = "<group>"; };
		8D2C87522749727E00850B50 /* GoogleService-Info.plist */ = {isa = PBXFileReference; fileEncoding = 4; lastKnownFileType = text.plist.xml; path = "GoogleService-Info.plist"; sourceTree = "<group>"; };
		8D2C87592749774900850B50 /* LoginView.swift */ = {isa = PBXFileReference; lastKnownFileType = sourcecode.swift; path = LoginView.swift; sourceTree = "<group>"; };
		8D2C875B2749775400850B50 /* RegistrationView.swift */ = {isa = PBXFileReference; lastKnownFileType = sourcecode.swift; path = RegistrationView.swift; sourceTree = "<group>"; };
		8D2C875D2749780300850B50 /* AuthViewModel.swift */ = {isa = PBXFileReference; lastKnownFileType = sourcecode.swift; path = AuthViewModel.swift; sourceTree = "<group>"; };
		8D5E290C274A02050083CD4B /* AuthView.swift */ = {isa = PBXFileReference; lastKnownFileType = sourcecode.swift; path = AuthView.swift; sourceTree = "<group>"; };
		8D5E290E274A07CD0083CD4B /* Launch Screen.storyboard */ = {isa = PBXFileReference; lastKnownFileType = file.storyboard; path = "Launch Screen.storyboard"; sourceTree = "<group>"; };
		8D5E2911274A08750083CD4B /* Color.swift */ = {isa = PBXFileReference; lastKnownFileType = sourcecode.swift; path = Color.swift; sourceTree = "<group>"; };
		8D5E2913274A0E960083CD4B /* SplashScreen.swift */ = {isa = PBXFileReference; lastKnownFileType = sourcecode.swift; path = SplashScreen.swift; sourceTree = "<group>"; };
		8D5E2916274A2E230083CD4B /* HomepageView.swift */ = {isa = PBXFileReference; lastKnownFileType = sourcecode.swift; path = HomepageView.swift; sourceTree = "<group>"; };
		8D5E2918274A387C0083CD4B /* User.swift */ = {isa = PBXFileReference; lastKnownFileType = sourcecode.swift; path = User.swift; sourceTree = "<group>"; };
		8D5E291B274A42A10083CD4B /* UserViewModel.swift */ = {isa = PBXFileReference; lastKnownFileType = sourcecode.swift; path = UserViewModel.swift; sourceTree = "<group>"; };
		8DCCA880274A5B8200F5CDEB /* AddNewPostView.swift */ = {isa = PBXFileReference; lastKnownFileType = sourcecode.swift; path = AddNewPostView.swift; sourceTree = "<group>"; };
		8DCCA882274A76C200F5CDEB /* ProfileView.swift */ = {isa = PBXFileReference; lastKnownFileType = sourcecode.swift; path = ProfileView.swift; sourceTree = "<group>"; };
		8DCCA884274A91D800F5CDEB /* Date.swift */ = {isa = PBXFileReference; lastKnownFileType = sourcecode.swift; path = Date.swift; sourceTree = "<group>"; };
		8DCCA887274A9A0D00F5CDEB /* PostsViewModel.swift */ = {isa = PBXFileReference; lastKnownFileType = sourcecode.swift; path = PostsViewModel.swift; sourceTree = "<group>"; };
		8DCCA889274A9AB700F5CDEB /* HomeViewModel.swift */ = {isa = PBXFileReference; lastKnownFileType = sourcecode.swift; path = HomeViewModel.swift; sourceTree = "<group>"; };
		8DCCA88B274A9E1900F5CDEB /* PostsView.swift */ = {isa = PBXFileReference; lastKnownFileType = sourcecode.swift; path = PostsView.swift; sourceTree = "<group>"; };
		8DCCA88D274A9E4800F5CDEB /* Post.swift */ = {isa = PBXFileReference; lastKnownFileType = sourcecode.swift; path = Post.swift; sourceTree = "<group>"; };
/* End PBXFileReference section */

/* Begin PBXFrameworksBuildPhase section */
		8D2264182749711500CCA6E1 /* Frameworks */ = {
			isa = PBXFrameworksBuildPhase;
			buildActionMask = 2147483647;
			files = (
				E276866FB2AB92792F989F38 /* Pods_TwitterApplication.framework in Frameworks */,
			);
			runOnlyForDeploymentPostprocessing = 0;
		};
		8D2264282749711A00CCA6E1 /* Frameworks */ = {
			isa = PBXFrameworksBuildPhase;
			buildActionMask = 2147483647;
			files = (
			);
			runOnlyForDeploymentPostprocessing = 0;
		};
		8D2264322749711A00CCA6E1 /* Frameworks */ = {
			isa = PBXFrameworksBuildPhase;
			buildActionMask = 2147483647;
			files = (
			);
			runOnlyForDeploymentPostprocessing = 0;
		};
/* End PBXFrameworksBuildPhase section */

/* Begin PBXGroup section */
		8D100678274BA45A00FDC193 /* User */ = {
			isa = PBXGroup;
			children = (
				8D100679274BA46F00FDC193 /* UserItemView.swift */,
			);
			path = User;
			sourceTree = "<group>";
		};
		8D2264122749711500CCA6E1 = {
			isa = PBXGroup;
			children = (
				8D22641D2749711500CCA6E1 /* TwitterApplication */,
				8D22642E2749711A00CCA6E1 /* TwitterApplicationTests */,
				8D2264382749711A00CCA6E1 /* TwitterApplicationUITests */,
				9736EB55724A19C99DCB111C /* Pods */,
				B2FAC6B288649A3E9F2BC4FA /* Frameworks */,
			);
			sourceTree = "<group>";
		};
		8D22641C2749711500CCA6E1 /* Products */ = {
			isa = PBXGroup;
			children = (
				8D22641B2749711500CCA6E1 /* TwitterApplication.app */,
				8D22642B2749711A00CCA6E1 /* TwitterApplicationTests.xctest */,
				8D2264352749711A00CCA6E1 /* TwitterApplicationUITests.xctest */,
			);
			name = Products;
			path = ../..;
			sourceTree = "<group>";
		};
		8D22641D2749711500CCA6E1 /* TwitterApplication */ = {
			isa = PBXGroup;
			children = (
				8D2C87542749758D00850B50 /* App */,
				8D2C8757274975CD00850B50 /* ViewModels */,
				8D2C8758274975DE00850B50 /* Models */,
				8D2C8755274975AF00850B50 /* Views */,
				8D2264222749711A00CCA6E1 /* Assets.xcassets */,
				8D2C87522749727E00850B50 /* GoogleService-Info.plist */,
				8D5E2910274A08630083CD4B /* Utils */,
				8D2264242749711A00CCA6E1 /* Preview Content */,
			);
			path = TwitterApplication;
			sourceTree = "<group>";
		};
		8D2264242749711A00CCA6E1 /* Preview Content */ = {
			isa = PBXGroup;
			children = (
				8D22641C2749711500CCA6E1 /* Products */,
				8D2264252749711A00CCA6E1 /* Preview Assets.xcassets */,
			);
			path = "Preview Content";
			sourceTree = "<group>";
		};
		8D22642E2749711A00CCA6E1 /* TwitterApplicationTests */ = {
			isa = PBXGroup;
			children = (
				8D22642F2749711A00CCA6E1 /* TwitterApplicationTests.swift */,
			);
			path = TwitterApplicationTests;
			sourceTree = "<group>";
		};
		8D2264382749711A00CCA6E1 /* TwitterApplicationUITests */ = {
			isa = PBXGroup;
			children = (
				8D2264392749711A00CCA6E1 /* TwitterApplicationUITests.swift */,
				8D22643B2749711A00CCA6E1 /* TwitterApplicationUITestsLaunchTests.swift */,
			);
			path = TwitterApplicationUITests;
			sourceTree = "<group>";
		};
		8D2C87542749758D00850B50 /* App */ = {
			isa = PBXGroup;
			children = (
				8D22641E2749711500CCA6E1 /* TwitterApplicationApp.swift */,
			);
			path = App;
			sourceTree = "<group>";
		};
		8D2C8755274975AF00850B50 /* Views */ = {
			isa = PBXGroup;
			children = (
				8D2264202749711500CCA6E1 /* ContentView.swift */,
				8D5E290B2749FDE90083CD4B /* Login */,
				8D5E2915274A13780083CD4B /* Homepage */,
				8D5E290E274A07CD0083CD4B /* Launch Screen.storyboard */,
				8D5E2913274A0E960083CD4B /* SplashScreen.swift */,
			);
			path = Views;
			sourceTree = "<group>";
		};
		8D2C8757274975CD00850B50 /* ViewModels */ = {
			isa = PBXGroup;
			children = (
				8D2C875D2749780300850B50 /* AuthViewModel.swift */,
				8D5E291B274A42A10083CD4B /* UserViewModel.swift */,
				8DCCA887274A9A0D00F5CDEB /* PostsViewModel.swift */,
				8DCCA889274A9AB700F5CDEB /* HomeViewModel.swift */,
			);
			path = ViewModels;
			sourceTree = "<group>";
		};
		8D2C8758274975DE00850B50 /* Models */ = {
			isa = PBXGroup;
			children = (
				8D5E2918274A387C0083CD4B /* User.swift */,
				8DCCA88D274A9E4800F5CDEB /* Post.swift */,
			);
			path = Models;
			sourceTree = "<group>";
		};
		8D5E290B2749FDE90083CD4B /* Login */ = {
			isa = PBXGroup;
			children = (
				8D2C87592749774900850B50 /* LoginView.swift */,
				8D2C875B2749775400850B50 /* RegistrationView.swift */,
				8D5E290C274A02050083CD4B /* AuthView.swift */,
			);
			path = Login;
			sourceTree = "<group>";
		};
		8D5E2910274A08630083CD4B /* Utils */ = {
			isa = PBXGroup;
			children = (
				8D5E2911274A08750083CD4B /* Color.swift */,
				8DCCA884274A91D800F5CDEB /* Date.swift */,
				8D10067B274BA8DF00FDC193 /* Arrays.swift */,
			);
			path = Utils;
			sourceTree = "<group>";
		};
		8D5E2915274A13780083CD4B /* Homepage */ = {
			isa = PBXGroup;
			children = (
				8D100678274BA45A00FDC193 /* User */,
				8DCCA886274A980A00F5CDEB /* Post */,
				8D5E2916274A2E230083CD4B /* HomepageView.swift */,
				8DCCA882274A76C200F5CDEB /* ProfileView.swift */,
				8D100676274BA41F00FDC193 /* SearchView.swift */,
			);
			path = Homepage;
			sourceTree = "<group>";
		};
		8DCCA886274A980A00F5CDEB /* Post */ = {
			isa = PBXGroup;
			children = (
				8DCCA880274A5B8200F5CDEB /* AddNewPostView.swift */,
				8DCCA88B274A9E1900F5CDEB /* PostsView.swift */,
				8D100672274B5C1000FDC193 /* PostItemView.swift */,
			);
			path = Post;
			sourceTree = "<group>";
		};
		9736EB55724A19C99DCB111C /* Pods */ = {
			isa = PBXGroup;
			children = (
				85FD7D61237550AEF5E6416B /* Pods-TwitterApplication.debug.xcconfig */,
				21EA8888600D50A08E8A1FD1 /* Pods-TwitterApplication.release.xcconfig */,
			);
			path = Pods;
			sourceTree = "<group>";
		};
		B2FAC6B288649A3E9F2BC4FA /* Frameworks */ = {
			isa = PBXGroup;
			children = (
				4CF0BDFDFCCE065A91FDFC88 /* Pods_TwitterApplication.framework */,
			);
			name = Frameworks;
			sourceTree = "<group>";
		};
/* End PBXGroup section */

/* Begin PBXNativeTarget section */
		8D22641A2749711500CCA6E1 /* TwitterApplication */ = {
			isa = PBXNativeTarget;
			buildConfigurationList = 8D22643F2749711A00CCA6E1 /* Build configuration list for PBXNativeTarget "TwitterApplication" */;
			buildPhases = (
				6CE709719B589505214990C8 /* [CP] Check Pods Manifest.lock */,
				8D2264172749711500CCA6E1 /* Sources */,
				8D2264182749711500CCA6E1 /* Frameworks */,
				8D2264192749711500CCA6E1 /* Resources */,
				C9596B302FCE5333FC7DB81B /* [CP] Embed Pods Frameworks */,
			);
			buildRules = (
			);
			dependencies = (
			);
			name = TwitterApplication;
			productName = TwitterApplication;
			productReference = 8D22641B2749711500CCA6E1 /* TwitterApplication.app */;
			productType = "com.apple.product-type.application";
		};
		8D22642A2749711A00CCA6E1 /* TwitterApplicationTests */ = {
			isa = PBXNativeTarget;
			buildConfigurationList = 8D2264422749711A00CCA6E1 /* Build configuration list for PBXNativeTarget "TwitterApplicationTests" */;
			buildPhases = (
				8D2264272749711A00CCA6E1 /* Sources */,
				8D2264282749711A00CCA6E1 /* Frameworks */,
				8D2264292749711A00CCA6E1 /* Resources */,
			);
			buildRules = (
			);
			dependencies = (
				8D22642D2749711A00CCA6E1 /* PBXTargetDependency */,
			);
			name = TwitterApplicationTests;
			productName = TwitterApplicationTests;
			productReference = 8D22642B2749711A00CCA6E1 /* TwitterApplicationTests.xctest */;
			productType = "com.apple.product-type.bundle.unit-test";
		};
		8D2264342749711A00CCA6E1 /* TwitterApplicationUITests */ = {
			isa = PBXNativeTarget;
			buildConfigurationList = 8D2264452749711A00CCA6E1 /* Build configuration list for PBXNativeTarget "TwitterApplicationUITests" */;
			buildPhases = (
				8D2264312749711A00CCA6E1 /* Sources */,
				8D2264322749711A00CCA6E1 /* Frameworks */,
				8D2264332749711A00CCA6E1 /* Resources */,
			);
			buildRules = (
			);
			dependencies = (
				8D2264372749711A00CCA6E1 /* PBXTargetDependency */,
			);
			name = TwitterApplicationUITests;
			productName = TwitterApplicationUITests;
			productReference = 8D2264352749711A00CCA6E1 /* TwitterApplicationUITests.xctest */;
			productType = "com.apple.product-type.bundle.ui-testing";
		};
/* End PBXNativeTarget section */

/* Begin PBXProject section */
		8D2264132749711500CCA6E1 /* Project object */ = {
			isa = PBXProject;
			attributes = {
				BuildIndependentTargetsInParallel = 1;
				LastSwiftUpdateCheck = 1310;
				LastUpgradeCheck = 1310;
				TargetAttributes = {
					8D22641A2749711500CCA6E1 = {
						CreatedOnToolsVersion = 13.1;
					};
					8D22642A2749711A00CCA6E1 = {
						CreatedOnToolsVersion = 13.1;
						TestTargetID = 8D22641A2749711500CCA6E1;
					};
					8D2264342749711A00CCA6E1 = {
						CreatedOnToolsVersion = 13.1;
						TestTargetID = 8D22641A2749711500CCA6E1;
					};
				};
			};
			buildConfigurationList = 8D2264162749711500CCA6E1 /* Build configuration list for PBXProject "TwitterApplication" */;
			compatibilityVersion = "Xcode 13.0";
			developmentRegion = en;
			hasScannedForEncodings = 0;
			knownRegions = (
				en,
				Base,
			);
			mainGroup = 8D2264122749711500CCA6E1;
			productRefGroup = 8D22641C2749711500CCA6E1 /* Products */;
			projectDirPath = "";
			projectRoot = "";
			targets = (
				8D22641A2749711500CCA6E1 /* TwitterApplication */,
				8D22642A2749711A00CCA6E1 /* TwitterApplicationTests */,
				8D2264342749711A00CCA6E1 /* TwitterApplicationUITests */,
			);
		};
/* End PBXProject section */

/* Begin PBXResourcesBuildPhase section */
		8D2264192749711500CCA6E1 /* Resources */ = {
			isa = PBXResourcesBuildPhase;
			buildActionMask = 2147483647;
			files = (
				8D2264262749711A00CCA6E1 /* Preview Assets.xcassets in Resources */,
				8D2264232749711A00CCA6E1 /* Assets.xcassets in Resources */,
				8D5E290F274A07CD0083CD4B /* Launch Screen.storyboard in Resources */,
				8D2C87532749727E00850B50 /* GoogleService-Info.plist in Resources */,
			);
			runOnlyForDeploymentPostprocessing = 0;
		};
		8D2264292749711A00CCA6E1 /* Resources */ = {
			isa = PBXResourcesBuildPhase;
			buildActionMask = 2147483647;
			files = (
			);
			runOnlyForDeploymentPostprocessing = 0;
		};
		8D2264332749711A00CCA6E1 /* Resources */ = {
			isa = PBXResourcesBuildPhase;
			buildActionMask = 2147483647;
			files = (
			);
			runOnlyForDeploymentPostprocessing = 0;
		};
/* End PBXResourcesBuildPhase section */

/* Begin PBXShellScriptBuildPhase section */
		6CE709719B589505214990C8 /* [CP] Check Pods Manifest.lock */ = {
			isa = PBXShellScriptBuildPhase;
			buildActionMask = 2147483647;
			files = (
			);
			inputFileListPaths = (
			);
			inputPaths = (
				"${PODS_PODFILE_DIR_PATH}/Podfile.lock",
				"${PODS_ROOT}/Manifest.lock",
			);
			name = "[CP] Check Pods Manifest.lock";
			outputFileListPaths = (
			);
			outputPaths = (
				"$(DERIVED_FILE_DIR)/Pods-TwitterApplication-checkManifestLockResult.txt",
			);
			runOnlyForDeploymentPostprocessing = 0;
			shellPath = /bin/sh;
			shellScript = "diff \"${PODS_PODFILE_DIR_PATH}/Podfile.lock\" \"${PODS_ROOT}/Manifest.lock\" > /dev/null\nif [ $? != 0 ] ; then\n    # print error to STDERR\n    echo \"error: The sandbox is not in sync with the Podfile.lock. Run 'pod install' or update your CocoaPods installation.\" >&2\n    exit 1\nfi\n# This output is used by Xcode 'outputs' to avoid re-running this script phase.\necho \"SUCCESS\" > \"${SCRIPT_OUTPUT_FILE_0}\"\n";
			showEnvVarsInLog = 0;
		};
		C9596B302FCE5333FC7DB81B /* [CP] Embed Pods Frameworks */ = {
			isa = PBXShellScriptBuildPhase;
			buildActionMask = 2147483647;
			files = (
			);
			inputFileListPaths = (
				"${PODS_ROOT}/Target Support Files/Pods-TwitterApplication/Pods-TwitterApplication-frameworks-${CONFIGURATION}-input-files.xcfilelist",
			);
			name = "[CP] Embed Pods Frameworks";
			outputFileListPaths = (
				"${PODS_ROOT}/Target Support Files/Pods-TwitterApplication/Pods-TwitterApplication-frameworks-${CONFIGURATION}-output-files.xcfilelist",
			);
			runOnlyForDeploymentPostprocessing = 0;
			shellPath = /bin/sh;
			shellScript = "\"${PODS_ROOT}/Target Support Files/Pods-TwitterApplication/Pods-TwitterApplication-frameworks.sh\"\n";
			showEnvVarsInLog = 0;
		};
/* End PBXShellScriptBuildPhase section */

/* Begin PBXSourcesBuildPhase section */
		8D2264172749711500CCA6E1 /* Sources */ = {
			isa = PBXSourcesBuildPhase;
			buildActionMask = 2147483647;
			files = (
				8D100677274BA41F00FDC193 /* SearchView.swift in Sources */,
				8D5E2917274A2E230083CD4B /* HomepageView.swift in Sources */,
				8DCCA883274A76C200F5CDEB /* ProfileView.swift in Sources */,
				8D5E291C274A42A10083CD4B /* UserViewModel.swift in Sources */,
				8DCCA88A274A9AB700F5CDEB /* HomeViewModel.swift in Sources */,
				8D10067C274BA8E000FDC193 /* Arrays.swift in Sources */,
				8DCCA88C274A9E1900F5CDEB /* PostsView.swift in Sources */,
				8D5E2914274A0E960083CD4B /* SplashScreen.swift in Sources */,
				8D2C875E2749780300850B50 /* AuthViewModel.swift in Sources */,
				8D2C875A2749774900850B50 /* LoginView.swift in Sources */,
				8D5E2912274A08750083CD4B /* Color.swift in Sources */,
				8D5E290D274A02050083CD4B /* AuthView.swift in Sources */,
				8D2264212749711500CCA6E1 /* ContentView.swift in Sources */,
				8DCCA885274A91D900F5CDEB /* Date.swift in Sources */,
				8D22641F2749711500CCA6E1 /* TwitterApplicationApp.swift in Sources */,
				8D100673274B5C1000FDC193 /* PostItemView.swift in Sources */,
				8DCCA888274A9A0E00F5CDEB /* PostsViewModel.swift in Sources */,
				8D5E2919274A387C0083CD4B /* User.swift in Sources */,
				8D10067A274BA47000FDC193 /* UserItemView.swift in Sources */,
				8DCCA88E274A9E4800F5CDEB /* Post.swift in Sources */,
				8D2C875C2749775400850B50 /* RegistrationView.swift in Sources */,
				8DCCA881274A5B8300F5CDEB /* AddNewPostView.swift in Sources */,
			);
			runOnlyForDeploymentPostprocessing = 0;
		};
		8D2264272749711A00CCA6E1 /* Sources */ = {
			isa = PBXSourcesBuildPhase;
			buildActionMask = 2147483647;
			files = (
				8D2264302749711A00CCA6E1 /* TwitterApplicationTests.swift in Sources */,
			);
			runOnlyForDeploymentPostprocessing = 0;
		};
		8D2264312749711A00CCA6E1 /* Sources */ = {
			isa = PBXSourcesBuildPhase;
			buildActionMask = 2147483647;
			files = (
				8D22643A2749711A00CCA6E1 /* TwitterApplicationUITests.swift in Sources */,
				8D22643C2749711A00CCA6E1 /* TwitterApplicationUITestsLaunchTests.swift in Sources */,
			);
			runOnlyForDeploymentPostprocessing = 0;
		};
/* End PBXSourcesBuildPhase section */

/* Begin PBXTargetDependency section */
		8D22642D2749711A00CCA6E1 /* PBXTargetDependency */ = {
			isa = PBXTargetDependency;
			target = 8D22641A2749711500CCA6E1 /* TwitterApplication */;
			targetProxy = 8D22642C2749711A00CCA6E1 /* PBXContainerItemProxy */;
		};
		8D2264372749711A00CCA6E1 /* PBXTargetDependency */ = {
			isa = PBXTargetDependency;
			target = 8D22641A2749711500CCA6E1 /* TwitterApplication */;
			targetProxy = 8D2264362749711A00CCA6E1 /* PBXContainerItemProxy */;
		};
/* End PBXTargetDependency section */

/* Begin XCBuildConfiguration section */
		8D22643D2749711A00CCA6E1 /* Debug */ = {
			isa = XCBuildConfiguration;
			buildSettings = {
				ALWAYS_SEARCH_USER_PATHS = NO;
				CLANG_ANALYZER_NONNULL = YES;
				CLANG_ANALYZER_NUMBER_OBJECT_CONVERSION = YES_AGGRESSIVE;
				CLANG_CXX_LANGUAGE_STANDARD = "gnu++17";
				CLANG_CXX_LIBRARY = "libc++";
				CLANG_ENABLE_MODULES = YES;
				CLANG_ENABLE_OBJC_ARC = YES;
				CLANG_ENABLE_OBJC_WEAK = YES;
				CLANG_WARN_BLOCK_CAPTURE_AUTORELEASING = YES;
				CLANG_WARN_BOOL_CONVERSION = YES;
				CLANG_WARN_COMMA = YES;
				CLANG_WARN_CONSTANT_CONVERSION = YES;
				CLANG_WARN_DEPRECATED_OBJC_IMPLEMENTATIONS = YES;
				CLANG_WARN_DIRECT_OBJC_ISA_USAGE = YES_ERROR;
				CLANG_WARN_DOCUMENTATION_COMMENTS = YES;
				CLANG_WARN_EMPTY_BODY = YES;
				CLANG_WARN_ENUM_CONVERSION = YES;
				CLANG_WARN_INFINITE_RECURSION = YES;
				CLANG_WARN_INT_CONVERSION = YES;
				CLANG_WARN_NON_LITERAL_NULL_CONVERSION = YES;
				CLANG_WARN_OBJC_IMPLICIT_RETAIN_SELF = YES;
				CLANG_WARN_OBJC_LITERAL_CONVERSION = YES;
				CLANG_WARN_OBJC_ROOT_CLASS = YES_ERROR;
				CLANG_WARN_QUOTED_INCLUDE_IN_FRAMEWORK_HEADER = YES;
				CLANG_WARN_RANGE_LOOP_ANALYSIS = YES;
				CLANG_WARN_STRICT_PROTOTYPES = YES;
				CLANG_WARN_SUSPICIOUS_MOVE = YES;
				CLANG_WARN_UNGUARDED_AVAILABILITY = YES_AGGRESSIVE;
				CLANG_WARN_UNREACHABLE_CODE = YES;
				CLANG_WARN__DUPLICATE_METHOD_MATCH = YES;
				COPY_PHASE_STRIP = NO;
				DEBUG_INFORMATION_FORMAT = dwarf;
				ENABLE_STRICT_OBJC_MSGSEND = YES;
				ENABLE_TESTABILITY = YES;
				GCC_C_LANGUAGE_STANDARD = gnu11;
				GCC_DYNAMIC_NO_PIC = NO;
				GCC_NO_COMMON_BLOCKS = YES;
				GCC_OPTIMIZATION_LEVEL = 0;
				GCC_PREPROCESSOR_DEFINITIONS = (
					"DEBUG=1",
					"$(inherited)",
				);
				GCC_WARN_64_TO_32_BIT_CONVERSION = YES;
				GCC_WARN_ABOUT_RETURN_TYPE = YES_ERROR;
				GCC_WARN_UNDECLARED_SELECTOR = YES;
				GCC_WARN_UNINITIALIZED_AUTOS = YES_AGGRESSIVE;
				GCC_WARN_UNUSED_FUNCTION = YES;
				GCC_WARN_UNUSED_VARIABLE = YES;
				IPHONEOS_DEPLOYMENT_TARGET = 15.0;
				MTL_ENABLE_DEBUG_INFO = INCLUDE_SOURCE;
				MTL_FAST_MATH = YES;
				ONLY_ACTIVE_ARCH = YES;
				SDKROOT = iphoneos;
				SWIFT_ACTIVE_COMPILATION_CONDITIONS = DEBUG;
				SWIFT_OPTIMIZATION_LEVEL = "-Onone";
			};
			name = Debug;
		};
		8D22643E2749711A00CCA6E1 /* Release */ = {
			isa = XCBuildConfiguration;
			buildSettings = {
				ALWAYS_SEARCH_USER_PATHS = NO;
				CLANG_ANALYZER_NONNULL = YES;
				CLANG_ANALYZER_NUMBER_OBJECT_CONVERSION = YES_AGGRESSIVE;
				CLANG_CXX_LANGUAGE_STANDARD = "gnu++17";
				CLANG_CXX_LIBRARY = "libc++";
				CLANG_ENABLE_MODULES = YES;
				CLANG_ENABLE_OBJC_ARC = YES;
				CLANG_ENABLE_OBJC_WEAK = YES;
				CLANG_WARN_BLOCK_CAPTURE_AUTORELEASING = YES;
				CLANG_WARN_BOOL_CONVERSION = YES;
				CLANG_WARN_COMMA = YES;
				CLANG_WARN_CONSTANT_CONVERSION = YES;
				CLANG_WARN_DEPRECATED_OBJC_IMPLEMENTATIONS = YES;
				CLANG_WARN_DIRECT_OBJC_ISA_USAGE = YES_ERROR;
				CLANG_WARN_DOCUMENTATION_COMMENTS = YES;
				CLANG_WARN_EMPTY_BODY = YES;
				CLANG_WARN_ENUM_CONVERSION = YES;
				CLANG_WARN_INFINITE_RECURSION = YES;
				CLANG_WARN_INT_CONVERSION = YES;
				CLANG_WARN_NON_LITERAL_NULL_CONVERSION = YES;
				CLANG_WARN_OBJC_IMPLICIT_RETAIN_SELF = YES;
				CLANG_WARN_OBJC_LITERAL_CONVERSION = YES;
				CLANG_WARN_OBJC_ROOT_CLASS = YES_ERROR;
				CLANG_WARN_QUOTED_INCLUDE_IN_FRAMEWORK_HEADER = YES;
				CLANG_WARN_RANGE_LOOP_ANALYSIS = YES;
				CLANG_WARN_STRICT_PROTOTYPES = YES;
				CLANG_WARN_SUSPICIOUS_MOVE = YES;
				CLANG_WARN_UNGUARDED_AVAILABILITY = YES_AGGRESSIVE;
				CLANG_WARN_UNREACHABLE_CODE = YES;
				CLANG_WARN__DUPLICATE_METHOD_MATCH = YES;
				COPY_PHASE_STRIP = NO;
				DEBUG_INFORMATION_FORMAT = "dwarf-with-dsym";
				ENABLE_NS_ASSERTIONS = NO;
				ENABLE_STRICT_OBJC_MSGSEND = YES;
				GCC_C_LANGUAGE_STANDARD = gnu11;
				GCC_NO_COMMON_BLOCKS = YES;
				GCC_WARN_64_TO_32_BIT_CONVERSION = YES;
				GCC_WARN_ABOUT_RETURN_TYPE = YES_ERROR;
				GCC_WARN_UNDECLARED_SELECTOR = YES;
				GCC_WARN_UNINITIALIZED_AUTOS = YES_AGGRESSIVE;
				GCC_WARN_UNUSED_FUNCTION = YES;
				GCC_WARN_UNUSED_VARIABLE = YES;
				IPHONEOS_DEPLOYMENT_TARGET = 15.0;
				MTL_ENABLE_DEBUG_INFO = NO;
				MTL_FAST_MATH = YES;
				SDKROOT = iphoneos;
				SWIFT_COMPILATION_MODE = wholemodule;
				SWIFT_OPTIMIZATION_LEVEL = "-O";
				VALIDATE_PRODUCT = YES;
			};
			name = Release;
		};
		8D2264402749711A00CCA6E1 /* Debug */ = {
			isa = XCBuildConfiguration;
			baseConfigurationReference = 85FD7D61237550AEF5E6416B /* Pods-TwitterApplication.debug.xcconfig */;
			buildSettings = {
				ASSETCATALOG_COMPILER_APPICON_NAME = AppIcon;
				ASSETCATALOG_COMPILER_GLOBAL_ACCENT_COLOR_NAME = AccentColor;
				CODE_SIGN_STYLE = Manual;
				CURRENT_PROJECT_VERSION = 1;
				DEVELOPMENT_ASSET_PATHS = "\"TwitterApplication/Preview Content\"";
				DEVELOPMENT_TEAM = "";
				ENABLE_PREVIEWS = YES;
				GENERATE_INFOPLIST_FILE = YES;
				INFOPLIST_KEY_UIApplicationSceneManifest_Generation = YES;
				INFOPLIST_KEY_UIApplicationSupportsIndirectInputEvents = YES;
				INFOPLIST_KEY_UILaunchScreen_Generation = YES;
				INFOPLIST_KEY_UISupportedInterfaceOrientations_iPad = "UIInterfaceOrientationPortrait UIInterfaceOrientationPortraitUpsideDown UIInterfaceOrientationLandscapeLeft UIInterfaceOrientationLandscapeRight";
				INFOPLIST_KEY_UISupportedInterfaceOrientations_iPhone = "UIInterfaceOrientationPortrait UIInterfaceOrientationLandscapeLeft UIInterfaceOrientationLandscapeRight";
				LD_RUNPATH_SEARCH_PATHS = (
					"$(inherited)",
					"@executable_path/Frameworks",
				);
				MARKETING_VERSION = 1.0;
				PRODUCT_BUNDLE_IDENTIFIER = com.app.twapp.TwitterApplication;
				PRODUCT_NAME = "$(TARGET_NAME)";
				PROVISIONING_PROFILE_SPECIFIER = "";
				SWIFT_EMIT_LOC_STRINGS = YES;
				SWIFT_VERSION = 5.0;
				TARGETED_DEVICE_FAMILY = "1,2";
			};
			name = Debug;
		};
		8D2264412749711A00CCA6E1 /* Release */ = {
			isa = XCBuildConfiguration;
			baseConfigurationReference = 21EA8888600D50A08E8A1FD1 /* Pods-TwitterApplication.release.xcconfig */;
			buildSettings = {
				ASSETCATALOG_COMPILER_APPICON_NAME = AppIcon;
				ASSETCATALOG_COMPILER_GLOBAL_ACCENT_COLOR_NAME = AccentColor;
				CODE_SIGN_STYLE = Manual;
				CURRENT_PROJECT_VERSION = 1;
				DEVELOPMENT_ASSET_PATHS = "\"TwitterApplication/Preview Content\"";
				DEVELOPMENT_TEAM = "";
				ENABLE_PREVIEWS = YES;
				GENERATE_INFOPLIST_FILE = YES;
				INFOPLIST_KEY_UIApplicationSceneManifest_Generation = YES;
				INFOPLIST_KEY_UIApplicationSupportsIndirectInputEvents = YES;
				INFOPLIST_KEY_UILaunchScreen_Generation = YES;
				INFOPLIST_KEY_UISupportedInterfaceOrientations_iPad = "UIInterfaceOrientationPortrait UIInterfaceOrientationPortraitUpsideDown UIInterfaceOrientationLandscapeLeft UIInterfaceOrientationLandscapeRight";
				INFOPLIST_KEY_UISupportedInterfaceOrientations_iPhone = "UIInterfaceOrientationPortrait UIInterfaceOrientationLandscapeLeft UIInterfaceOrientationLandscapeRight";
				LD_RUNPATH_SEARCH_PATHS = (
					"$(inherited)",
					"@executable_path/Frameworks",
				);
				MARKETING_VERSION = 1.0;
				PRODUCT_BUNDLE_IDENTIFIER = com.app.twapp.TwitterApplication;
				PRODUCT_NAME = "$(TARGET_NAME)";
				PROVISIONING_PROFILE_SPECIFIER = "";
				SWIFT_EMIT_LOC_STRINGS = YES;
				SWIFT_VERSION = 5.0;
				TARGETED_DEVICE_FAMILY = "1,2";
			};
			name = Release;
		};
		8D2264432749711A00CCA6E1 /* Debug */ = {
			isa = XCBuildConfiguration;
			buildSettings = {
				ALWAYS_EMBED_SWIFT_STANDARD_LIBRARIES = YES;
				BUNDLE_LOADER = "$(TEST_HOST)";
				CODE_SIGN_STYLE = Automatic;
				CURRENT_PROJECT_VERSION = 1;
				DEVELOPMENT_TEAM = CSDY2TTX3N;
				GENERATE_INFOPLIST_FILE = YES;
				IPHONEOS_DEPLOYMENT_TARGET = 15.0;
				LD_RUNPATH_SEARCH_PATHS = (
					"$(inherited)",
					"@executable_path/Frameworks",
					"@loader_path/Frameworks",
				);
				MARKETING_VERSION = 1.0;
				PRODUCT_BUNDLE_IDENTIFIER = com.app.twapp.TwitterApplicationTests;
				PRODUCT_NAME = "$(TARGET_NAME)";
				SWIFT_EMIT_LOC_STRINGS = NO;
				SWIFT_VERSION = 5.0;
				TARGETED_DEVICE_FAMILY = "1,2";
				TEST_HOST = "$(BUILT_PRODUCTS_DIR)/TwitterApplication.app/TwitterApplication";
			};
			name = Debug;
		};
		8D2264442749711A00CCA6E1 /* Release */ = {
			isa = XCBuildConfiguration;
			buildSettings = {
				ALWAYS_EMBED_SWIFT_STANDARD_LIBRARIES = YES;
				BUNDLE_LOADER = "$(TEST_HOST)";
				CODE_SIGN_STYLE = Automatic;
				CURRENT_PROJECT_VERSION = 1;
				DEVELOPMENT_TEAM = CSDY2TTX3N;
				GENERATE_INFOPLIST_FILE = YES;
				IPHONEOS_DEPLOYMENT_TARGET = 15.0;
				LD_RUNPATH_SEARCH_PATHS = (
					"$(inherited)",
					"@executable_path/Frameworks",
					"@loader_path/Frameworks",
				);
				MARKETING_VERSION = 1.0;
				PRODUCT_BUNDLE_IDENTIFIER = com.app.twapp.TwitterApplicationTests;
				PRODUCT_NAME = "$(TARGET_NAME)";
				SWIFT_EMIT_LOC_STRINGS = NO;
				SWIFT_VERSION = 5.0;
				TARGETED_DEVICE_FAMILY = "1,2";
				TEST_HOST = "$(BUILT_PRODUCTS_DIR)/TwitterApplication.app/TwitterApplication";
			};
			name = Release;
		};
		8D2264462749711A00CCA6E1 /* Debug */ = {
			isa = XCBuildConfiguration;
			buildSettings = {
				ALWAYS_EMBED_SWIFT_STANDARD_LIBRARIES = YES;
				CODE_SIGN_STYLE = Automatic;
				CURRENT_PROJECT_VERSION = 1;
				DEVELOPMENT_TEAM = CSDY2TTX3N;
				GENERATE_INFOPLIST_FILE = YES;
				LD_RUNPATH_SEARCH_PATHS = (
					"$(inherited)",
					"@executable_path/Frameworks",
					"@loader_path/Frameworks",
				);
				MARKETING_VERSION = 1.0;
				PRODUCT_BUNDLE_IDENTIFIER = com.app.twapp.TwitterApplicationUITests;
				PRODUCT_NAME = "$(TARGET_NAME)";
				SWIFT_EMIT_LOC_STRINGS = NO;
				SWIFT_VERSION = 5.0;
				TARGETED_DEVICE_FAMILY = "1,2";
				TEST_TARGET_NAME = TwitterApplication;
			};
			name = Debug;
		};
		8D2264472749711A00CCA6E1 /* Release */ = {
			isa = XCBuildConfiguration;
			buildSettings = {
				ALWAYS_EMBED_SWIFT_STANDARD_LIBRARIES = YES;
				CODE_SIGN_STYLE = Automatic;
				CURRENT_PROJECT_VERSION = 1;
				DEVELOPMENT_TEAM = CSDY2TTX3N;
				GENERATE_INFOPLIST_FILE = YES;
				LD_RUNPATH_SEARCH_PATHS = (
					"$(inherited)",
					"@executable_path/Frameworks",
					"@loader_path/Frameworks",
				);
				MARKETING_VERSION = 1.0;
				PRODUCT_BUNDLE_IDENTIFIER = com.app.twapp.TwitterApplicationUITests;
				PRODUCT_NAME = "$(TARGET_NAME)";
				SWIFT_EMIT_LOC_STRINGS = NO;
				SWIFT_VERSION = 5.0;
				TARGETED_DEVICE_FAMILY = "1,2";
				TEST_TARGET_NAME = TwitterApplication;
			};
			name = Release;
		};
/* End XCBuildConfiguration section */

/* Begin XCConfigurationList section */
		8D2264162749711500CCA6E1 /* Build configuration list for PBXProject "TwitterApplication" */ = {
			isa = XCConfigurationList;
			buildConfigurations = (
				8D22643D2749711A00CCA6E1 /* Debug */,
				8D22643E2749711A00CCA6E1 /* Release */,
			);
			defaultConfigurationIsVisible = 0;
			defaultConfigurationName = Release;
		};
		8D22643F2749711A00CCA6E1 /* Build configuration list for PBXNativeTarget "TwitterApplication" */ = {
			isa = XCConfigurationList;
			buildConfigurations = (
				8D2264402749711A00CCA6E1 /* Debug */,
				8D2264412749711A00CCA6E1 /* Release */,
			);
			defaultConfigurationIsVisible = 0;
			defaultConfigurationName = Release;
		};
		8D2264422749711A00CCA6E1 /* Build configuration list for PBXNativeTarget "TwitterApplicationTests" */ = {
			isa = XCConfigurationList;
			buildConfigurations = (
				8D2264432749711A00CCA6E1 /* Debug */,
				8D2264442749711A00CCA6E1 /* Release */,
			);
			defaultConfigurationIsVisible = 0;
			defaultConfigurationName = Release;
		};
		8D2264452749711A00CCA6E1 /* Build configuration list for PBXNativeTarget "TwitterApplicationUITests" */ = {
			isa = XCConfigurationList;
			buildConfigurations = (
				8D2264462749711A00CCA6E1 /* Debug */,
				8D2264472749711A00CCA6E1 /* Release */,
			);
			defaultConfigurationIsVisible = 0;
			defaultConfigurationName = Release;
		};
/* End XCConfigurationList section */
	};
	rootObject = 8D2264132749711500CCA6E1 /* Project object */;
}
